
Microsoft Visual Studio Solution File, Format Version 12.00
# Visual Studio Version 18
VisualStudioVersion = 18.3.11312.210
MinimumVisualStudioVersion = 10.0.40219.1
Project("{FAE04EC0-301F-11D3-BF4B-00C04F79EFBC}") = "TICinema.Identity.Grpc", "TICinema.Identity.Grpc\TICinema.Identity.Grpc.csproj", "{E788DB41-CC23-49C3-A4E4-049EDEEC2B5E}"
EndProject
Project("{FAE04EC0-301F-11D3-BF4B-00C04F79EFBC}") = "TICinema.Identity.Infrastructure", "TICinema.Identity.Infrastructure\TICinema.Identity.Infrastructure.csproj", "{FEF2FDD8-DAA1-46C6-A08E-E46FA12E350F}"
EndProject
Project("{FAE04EC0-301F-11D3-BF4B-00C04F79EFBC}") = "TICinema.Identity.Domain", "TICinema.Identity.Domain\TICinema.Identity.Domain.csproj", "{5CD955C4-E8F0-46A0-A8C3-B5B64290DBB6}"
EndProject
Project("{FAE04EC0-301F-11D3-BF4B-00C04F79EFBC}") = "TICinema.Identity.Application", "TICinema.Identity.Application\TICinema.Identity.Application.csproj", "{13FF7265-6200-4E4A-8BCF-FC823ABFAE3D}"
EndProject
Global
	GlobalSection(SolutionConfigurationPlatforms) = preSolution
		Debug|Any CPU = Debug|Any CPU
		Release|Any CPU = Release|Any CPU
	EndGlobalSection
	GlobalSection(ProjectConfigurationPlatforms) = postSolution
		{E788DB41-CC23-49C3-A4E4-049EDEEC2B5E}.Debug|Any CPU.ActiveCfg = Debug|Any CPU
		{E788DB41-CC23-49C3-A4E4-049EDEEC2B5E}.Debug|Any CPU.Build.0 = Debug|Any CPU
		{E788DB41-CC23-49C3-A4E4-049EDEEC2B5E}.Release|Any CPU.ActiveCfg = Release|Any CPU
		{E788DB41-CC23-49C3-A4E4-049EDEEC2B5E}.Release|Any CPU.Build.0 = Release|Any CPU
		{FEF2FDD8-DAA1-46C6-A08E-E46FA12E350F}.Debug|Any CPU.ActiveCfg = Debug|Any CPU
		{FEF2FDD8-DAA1-46C6-A08E-E46FA12E350F}.Debug|Any CPU.Build.0 = Debug|Any CPU
		{FEF2FDD8-DAA1-46C6-A08E-E46FA12E350F}.Release|Any CPU.ActiveCfg = Release|Any CPU
		{FEF2FDD8-DAA1-46C6-A08E-E46FA12E350F}.Release|Any CPU.Build.0 = Release|Any CPU
		{5CD955C4-E8F0-46A0-A8C3-B5B64290DBB6}.Debug|Any CPU.ActiveCfg = Debug|Any CPU
		{5CD955C4-E8F0-46A0-A8C3-B5B64290DBB6}.Debug|Any CPU.Build.0 = Debug|Any CPU
		{5CD955C4-E8F0-46A0-A8C3-B5B64290DBB6}.Release|Any CPU.ActiveCfg = Release|Any CPU
		{5CD955C4-E8F0-46A0-A8C3-B5B64290DBB6}.Release|Any CPU.Build.0 = Release|Any CPU
		{13FF7265-6200-4E4A-8BCF-FC823ABFAE3D}.Debug|Any CPU.ActiveCfg = Debug|Any CPU
		{13FF7265-6200-4E4A-8BCF-FC823ABFAE3D}.Debug|Any CPU.Build.0 = Debug|Any CPU
		{13FF7265-6200-4E4A-8BCF-FC823ABFAE3D}.Release|Any CPU.ActiveCfg = Release|Any CPU
		{13FF7265-6200-4E4A-8BCF-FC823ABFAE3D}.Release|Any CPU.Build.0 = Release|Any CPU
	EndGlobalSection
	GlobalSection(SolutionProperties) = preSolution
		HideSolutionNode = FALSE
	EndGlobalSection
	GlobalSection(ExtensibilityGlobals) = postSolution
		SolutionGuid = {4C47AB13-F6A2-48BD-998D-C22F14DC3033}
	EndGlobalSection
EndGlobal
